# THIS IS AN AUTOGENERATED FILE. DO NOT EDIT THIS FILE DIRECTLY.
# yarn lockfile v1


"@types/prop-types@*":
  version "15.7.0"
  resolved "https://registry.yarnpkg.com/@types/prop-types/-/prop-types-15.7.0.tgz#4c48fed958d6dcf9487195a0ef6456d5f6e0163a"
  integrity sha512-eItQyV43bj4rR3JPV0Skpl1SncRCdziTEK9/v8VwXmV6d/qOUO8/EuWeHBbCZcsfSHfzI5UyMJLCSXtxxznyZg==

"@types/react@^16.8":
  version "16.8.4"
  resolved "https://registry.yarnpkg.com/@types/react/-/react-16.8.4.tgz#134307f5266e866d5e7c25e47f31f9abd5b2ea34"
  integrity sha512-Mpz1NNMJvrjf0GcDqiK8+YeOydXfD8Mgag3UtqQ5lXYTsMnOiHcKmO48LiSWMb1rSHB9MV/jlgyNzeAVxWMZRQ==
  dependencies:
    "@types/prop-types" "*"
    csstype "^2.2.0"

babel-runtime@^6.20.0:
  version "6.26.0"
  resolved "https://registry.yarnpkg.com/babel-runtime/-/babel-runtime-6.26.0.tgz#965c7058668e82b55d7bfe04ff2337bc8b5647fe"
  integrity sha1-llxwWGaOgrVde/4E/yM3vItWR/4=
  dependencies:
    core-js "^2.4.0"
    regenerator-runtime "^0.11.0"

core-js@^2.4.0:
  version "2.6.9"
  resolved "https://registry.yarnpkg.com/core-js/-/core-js-2.6.9.tgz#6b4b214620c834152e179323727fc19741b084f2"
  integrity sha512-HOpZf6eXmnl7la+cUdMnLvUxKNqLUzJvgIziQ0DiF3JwSImNphIqdGqzj6hIKyX04MmV0poclQ7+wjWvxQyR2A==

csstype@^2.2.0:
  version "2.6.1"
  resolved "https://registry.yarnpkg.com/csstype/-/csstype-2.6.1.tgz#4cfbf637a577497036ebcd7e32647ef19a0b8076"
  integrity sha512-wv7IRqCGsL7WGKB8gPvrl+++HlFM9kxAM6jL1EXNPNTshEJYilMkbfS2SnuHha77uosp/YVK0wAp2jmlBzn1tg==

deep-iterator@^1.1.0:
  version "1.1.0"
  resolved "https://registry.yarnpkg.com/deep-iterator/-/deep-iterator-1.1.0.tgz#35227173b38be01b580d6f7c32732b1fd1769082"
  integrity sha1-NSJxc7OL4BtYDW98MnMrH9F2kII=
  dependencies:
    babel-runtime "^6.20.0"

regenerator-runtime@^0.11.0:
  version "0.11.1"
  resolved "https://registry.yarnpkg.com/regenerator-runtime/-/regenerator-runtime-0.11.1.tgz#be05ad7f9bf7d22e056f9726cee5017fbf19e2e9"
  integrity sha512-MguG95oij0fC3QV3URf4V2SDYGJhJnJGqvIIgdECeODCT98wSWDAJ94SSuVpYQUoTcGUIL6L4yNB7j1DFFHSBg==

use-http@^0.1.79:
  version "0.1.79"
  resolved "https://registry.yarnpkg.com/use-http/-/use-http-0.1.79.tgz#071867f301c8554a0294ecdbea98f1d928093651"
  integrity sha512-/BmLS2pAYamIIlQWAerLIbe0K+kjZUX6YD6sCfHuXGnRjCZTMeKCjX+/8kz5JbSIXmgjgi8fthRVr/FhpFe35A==
  dependencies:
    use-ssr "^1.0.18"

use-ssr@^1.0.18:
  version "1.0.18"
  resolved "https://registry.yarnpkg.com/use-ssr/-/use-ssr-1.0.18.tgz#a7bb7d96b128bc0940b77862cfaf69c40e74da1d"
  integrity sha512-i+1J4Gbh9Vd2k/CEUoBjVDJfpNvMfq0+YulG+woBQwqbxvBAB89OScemseEULMQDIICiDbbpEBjUnqAiprVJyw==
